
Microsoft Visual Studio Solution File, Format Version 12.00
# Visual Studio Version 17
VisualStudioVersion = 17.11.35327.3
MinimumVisualStudioVersion = 10.0.40219.1
Project("{9A19103F-16F7-4668-BE54-9A1E7A4F7556}") = "WFInicial", "WFInicial\WFInicial.csproj", "{296C4198-3884-4FCB-B1AB-725ED8469A0C}"
EndProject
Project("{9A19103F-16F7-4668-BE54-9A1E7A4F7556}") = "CEx1", "CRevisao\CEx1.csproj", "{295B998F-A7DE-45EF-A76C-98BC1A458D40}"
EndProject
Global
	GlobalSection(SolutionConfigurationPlatforms) = preSolution
		Debug|Any CPU = Debug|Any CPU
		Release|Any CPU = Release|Any CPU
	EndGlobalSection
	GlobalSection(ProjectConfigurationPlatforms) = postSolution
		{296C4198-3884-4FCB-B1AB-725ED8469A0C}.Debug|Any CPU.ActiveCfg = Debug|Any CPU
		{296C4198-3884-4FCB-B1AB-725ED8469A0C}.Debug|Any CPU.Build.0 = Debug|Any CPU
		{296C4198-3884-4FCB-B1AB-725ED8469A0C}.Release|Any CPU.ActiveCfg = Release|Any CPU
		{296C4198-3884-4FCB-B1AB-725ED8469A0C}.Release|Any CPU.Build.0 = Release|Any CPU
		{295B998F-A7DE-45EF-A76C-98BC1A458D40}.Debug|Any CPU.ActiveCfg = Debug|Any CPU
		{295B998F-A7DE-45EF-A76C-98BC1A458D40}.Debug|Any CPU.Build.0 = Debug|Any CPU
		{295B998F-A7DE-45EF-A76C-98BC1A458D40}.Release|Any CPU.ActiveCfg = Release|Any CPU
		{295B998F-A7DE-45EF-A76C-98BC1A458D40}.Release|Any CPU.Build.0 = Release|Any CPU
	EndGlobalSection
	GlobalSection(SolutionProperties) = preSolution
		HideSolutionNode = FALSE
	EndGlobalSection
	GlobalSection(ExtensibilityGlobals) = postSolution
		SolutionGuid = {B24235AD-51DF-4063-8185-F761666AC860}
	EndGlobalSection
EndGlobal
